
Microsoft Visual Studio Solution File, Format Version 12.00
# Visual Studio Express 2012 for Web
Project("{FAE04EC0-301F-11D3-BF4B-00C04F79EFBC}") = "MusicService", "MusicService\MusicService.csproj", "{17D18A1E-4842-4318-AA9D-453E1DC8510E}"
EndProject
Global
	GlobalSection(SolutionConfigurationPlatforms) = preSolution
		Debug|Any CPU = Debug|Any CPU
		Release|Any CPU = Release|Any CPU
	EndGlobalSection
	GlobalSection(ProjectConfigurationPlatforms) = postSolution
		{17D18A1E-4842-4318-AA9D-453E1DC8510E}.Debug|Any CPU.ActiveCfg = Debug|Any CPU
		{17D18A1E-4842-4318-AA9D-453E1DC8510E}.Debug|Any CPU.Build.0 = Debug|Any CPU
		{17D18A1E-4842-4318-AA9D-453E1DC8510E}.Release|Any CPU.ActiveCfg = Release|Any CPU
		{17D18A1E-4842-4318-AA9D-453E1DC8510E}.Release|Any CPU.Build.0 = Release|Any CPU
	EndGlobalSection
	GlobalSection(SolutionProperties) = preSolution
		HideSolutionNode = FALSE
	EndGlobalSection
EndGlobal
